
Microsoft Visual Studio Solution File, Format Version 12.00
# Visual Studio Version 16
VisualStudioVersion = 16.0.32106.194
MinimumVisualStudioVersion = 10.0.40219.1
Project("{FAE04EC0-301F-11D3-BF4B-00C04F79EFBC}") = "Garmentind", "Garmentind\Garmentind.csproj", "{AEE10148-F274-4378-BF8A-158912C26D25}"
EndProject
Global
	GlobalSection(SolutionConfigurationPlatforms) = preSolution
		Debug|Any CPU = Debug|Any CPU
		Release|Any CPU = Release|Any CPU
	EndGlobalSection
	GlobalSection(ProjectConfigurationPlatforms) = postSolution
		{AEE10148-F274-4378-BF8A-158912C26D25}.Debug|Any CPU.ActiveCfg = Debug|Any CPU
		{AEE10148-F274-4378-BF8A-158912C26D25}.Debug|Any CPU.Build.0 = Debug|Any CPU
		{AEE10148-F274-4378-BF8A-158912C26D25}.Release|Any CPU.ActiveCfg = Release|Any CPU
		{AEE10148-F274-4378-BF8A-158912C26D25}.Release|Any CPU.Build.0 = Release|Any CPU
	EndGlobalSection
	GlobalSection(SolutionProperties) = preSolution
		HideSolutionNode = FALSE
	EndGlobalSection
	GlobalSection(ExtensibilityGlobals) = postSolution
		SolutionGuid = {8F547F47-A023-47E9-98C2-CCF6C96B79AD}
	EndGlobalSection
EndGlobal
